
Microsoft Visual Studio Solution File, Format Version 12.00
# Visual Studio Version 16
VisualStudioVersion = 16.0.30717.126
MinimumVisualStudioVersion = 10.0.40219.1
Project("{9A19103F-16F7-4668-BE54-9A1E7A4F7556}") = "ProtoGTFS", "ProtoGTFS\ProtoGTFS.csproj", "{FA6B014F-A76E-4F2C-8A03-EF69ED01568C}"
EndProject
Global
	GlobalSection(SolutionConfigurationPlatforms) = preSolution
		Debug|Any CPU = Debug|Any CPU
		Release|Any CPU = Release|Any CPU
	EndGlobalSection
	GlobalSection(ProjectConfigurationPlatforms) = postSolution
		{FA6B014F-A76E-4F2C-8A03-EF69ED01568C}.Debug|Any CPU.ActiveCfg = Debug|Any CPU
		{FA6B014F-A76E-4F2C-8A03-EF69ED01568C}.Debug|Any CPU.Build.0 = Debug|Any CPU
		{FA6B014F-A76E-4F2C-8A03-EF69ED01568C}.Release|Any CPU.ActiveCfg = Release|Any CPU
		{FA6B014F-A76E-4F2C-8A03-EF69ED01568C}.Release|Any CPU.Build.0 = Release|Any CPU
	EndGlobalSection
	GlobalSection(SolutionProperties) = preSolution
		HideSolutionNode = FALSE
	EndGlobalSection
	GlobalSection(ExtensibilityGlobals) = postSolution
		SolutionGuid = {2B73F567-5555-43BB-B666-C9F2B4A1212A}
	EndGlobalSection
EndGlobal
